# THIS IS AN AUTOGENERATED FILE. DO NOT EDIT THIS FILE DIRECTLY.
# yarn lockfile v1


"@ellbur/javascript-lp-solver@^0.4.26":
  version "0.4.26"
  resolved "https://registry.yarnpkg.com/@ellbur/javascript-lp-solver/-/javascript-lp-solver-0.4.26.tgz#46a0cdae6b1b7f54e4c03a6c00228569a1fa0bab"
  integrity sha512-d0c5+JOED/hyo/cfjp7Sv7Bho+awVlKKx4ftsDEQ52z2xOgRBDMFwqZIvBb7yECc/bXzdsCPlP7eHMrOS5yV0w==

javascript-lp-solver@^0.4.24:
  version "0.4.24"
  resolved "https://registry.yarnpkg.com/javascript-lp-solver/-/javascript-lp-solver-0.4.24.tgz#3bb5f8aa051f0bf04747e39130133a0f738f635c"
  integrity sha512-5edoDKnMrt/u3M6GnZKDDIPxOyFOg+WrwDv8mjNiMC2DePhy2H9/FFQgf4ggywaXT1utvkxusJcjQUER72cZmA==
